// !$*UTF8*$!
{
	archiveVersion = 1;
	classes = {
	};
	objectVersion = 56;
	objects = {

/* Begin PBXBuildFile section */
		2C234DCC2AE28D9E0027DD44 /* RemoteImage.swift in Sources */ = {isa = PBXBuildFile; fileRef = 2C234DCB2AE28D9E0027DD44 /* RemoteImage.swift */; };
		2C234DCF2AE296D00027DD44 /* LoadingView.swift in Sources */ = {isa = PBXBuildFile; fileRef = 2C234DCE2AE296D00027DD44 /* LoadingView.swift */; };
		2C7304DB2AE1B71C0044C005 /* Food.swift in Sources */ = {isa = PBXBuildFile; fileRef = 2C7304DA2AE1B71C0044C005 /* Food.swift */; };
		2C7304DF2AE1DC0E0044C005 /* NetworkManager.swift in Sources */ = {isa = PBXBuildFile; fileRef = 2C7304DE2AE1DC0E0044C005 /* NetworkManager.swift */; };
		2C95FB432AE163AC0044C82A /* FoodlyApp.swift in Sources */ = {isa = PBXBuildFile; fileRef = 2C95FB422AE163AC0044C82A /* FoodlyApp.swift */; };
		2C95FB452AE163AC0044C82A /* FoodlyView.swift in Sources */ = {isa = PBXBuildFile; fileRef = 2C95FB442AE163AC0044C82A /* FoodlyView.swift */; };
		2C95FB472AE163AD0044C82A /* Assets.xcassets in Resources */ = {isa = PBXBuildFile; fileRef = 2C95FB462AE163AD0044C82A /* Assets.xcassets */; };
		2C95FB4A2AE163AD0044C82A /* Preview Assets.xcassets in Resources */ = {isa = PBXBuildFile; fileRef = 2C95FB492AE163AD0044C82A /* Preview Assets.xcassets */; };
		2C95FB522AE165690044C82A /* Color+Ext.swift in Sources */ = {isa = PBXBuildFile; fileRef = 2C95FB512AE165690044C82A /* Color+Ext.swift */; };
		2C95FB562AE16F130044C82A /* FoodGridView.swift in Sources */ = {isa = PBXBuildFile; fileRef = 2C95FB552AE16F130044C82A /* FoodGridView.swift */; };
		2C95FB582AE16FD50044C82A /* FoodGridViewModel.swift in Sources */ = {isa = PBXBuildFile; fileRef = 2C95FB572AE16FD50044C82A /* FoodGridViewModel.swift */; };
		2C95FB5B2AE175C70044C82A /* FoodGridItem.swift in Sources */ = {isa = PBXBuildFile; fileRef = 2C95FB5A2AE175C70044C82A /* FoodGridItem.swift */; };
/* End PBXBuildFile section */

/* Begin PBXFileReference section */
		2C234DCB2AE28D9E0027DD44 /* RemoteImage.swift */ = {isa = PBXFileReference; lastKnownFileType = sourcecode.swift; path = RemoteImage.swift; sourceTree = "<group>"; };
		2C234DCE2AE296D00027DD44 /* LoadingView.swift */ = {isa = PBXFileReference; lastKnownFileType = sourcecode.swift; path = LoadingView.swift; sourceTree = "<group>"; };
		2C7304DA2AE1B71C0044C005 /* Food.swift */ = {isa = PBXFileReference; lastKnownFileType = sourcecode.swift; path = Food.swift; sourceTree = "<group>"; };
		2C7304DE2AE1DC0E0044C005 /* NetworkManager.swift */ = {isa = PBXFileReference; lastKnownFileType = sourcecode.swift; path = NetworkManager.swift; sourceTree = "<group>"; };
		2C95FB3F2AE163AC0044C82A /* Foodly.app */ = {isa = PBXFileReference; explicitFileType = wrapper.application; includeInIndex = 0; path = Foodly.app; sourceTree = BUILT_PRODUCTS_DIR; };
		2C95FB422AE163AC0044C82A /* FoodlyApp.swift */ = {isa = PBXFileReference; lastKnownFileType = sourcecode.swift; path = FoodlyApp.swift; sourceTree = "<group>"; };
		2C95FB442AE163AC0044C82A /* FoodlyView.swift */ = {isa = PBXFileReference; lastKnownFileType = sourcecode.swift; path = FoodlyView.swift; sourceTree = "<group>"; };
		2C95FB462AE163AD0044C82A /* Assets.xcassets */ = {isa = PBXFileReference; lastKnownFileType = folder.assetcatalog; path = Assets.xcassets; sourceTree = "<group>"; };
		2C95FB492AE163AD0044C82A /* Preview Assets.xcassets */ = {isa = PBXFileReference; lastKnownFileType = folder.assetcatalog; path = "Preview Assets.xcassets"; sourceTree = "<group>"; };
		2C95FB512AE165690044C82A /* Color+Ext.swift */ = {isa = PBXFileReference; lastKnownFileType = sourcecode.swift; path = "Color+Ext.swift"; sourceTree = "<group>"; };
		2C95FB552AE16F130044C82A /* FoodGridView.swift */ = {isa = PBXFileReference; lastKnownFileType = sourcecode.swift; path = FoodGridView.swift; sourceTree = "<group>"; };
		2C95FB572AE16FD50044C82A /* FoodGridViewModel.swift */ = {isa = PBXFileReference; lastKnownFileType = sourcecode.swift; path = FoodGridViewModel.swift; sourceTree = "<group>"; };
		2C95FB5A2AE175C70044C82A /* FoodGridItem.swift */ = {isa = PBXFileReference; lastKnownFileType = sourcecode.swift; path = FoodGridItem.swift; sourceTree = "<group>"; };
/* End PBXFileReference section */

/* Begin PBXFrameworksBuildPhase section */
		2C95FB3C2AE163AC0044C82A /* Frameworks */ = {
			isa = PBXFrameworksBuildPhase;
			buildActionMask = 2147483647;
			files = (
			);
			runOnlyForDeploymentPostprocessing = 0;
		};
/* End PBXFrameworksBuildPhase section */

/* Begin PBXGroup section */
		2C234DC92AE28D730027DD44 /* Food */ = {
			isa = PBXGroup;
			children = (
				2C95FB5A2AE175C70044C82A /* FoodGridItem.swift */,
			);
			path = Food;
			sourceTree = "<group>";
		};
		2C234DCA2AE28D7B0027DD44 /* Image */ = {
			isa = PBXGroup;
			children = (
				2C234DCB2AE28D9E0027DD44 /* RemoteImage.swift */,
			);
			path = Image;
			sourceTree = "<group>";
		};
		2C234DCD2AE296C10027DD44 /* UIKit */ = {
			isa = PBXGroup;
			children = (
				2C234DCE2AE296D00027DD44 /* LoadingView.swift */,
			);
			path = UIKit;
			sourceTree = "<group>";
		};
		2C7304D92AE1B7100044C005 /* Models */ = {
			isa = PBXGroup;
			children = (
				2C7304DA2AE1B71C0044C005 /* Food.swift */,
			);
			path = Models;
			sourceTree = "<group>";
		};
		2C7304DC2AE1DBF00044C005 /* Utilities */ = {
			isa = PBXGroup;
			children = (
				2C7304DD2AE1DBFC0044C005 /* Managers */,
			);
			path = Utilities;
			sourceTree = "<group>";
		};
		2C7304DD2AE1DBFC0044C005 /* Managers */ = {
			isa = PBXGroup;
			children = (
				2C7304DE2AE1DC0E0044C005 /* NetworkManager.swift */,
			);
			path = Managers;
			sourceTree = "<group>";
		};
		2C95FB362AE163AC0044C82A = {
			isa = PBXGroup;
			children = (
				2C95FB412AE163AC0044C82A /* Foodly */,
				2C95FB402AE163AC0044C82A /* Products */,
			);
			sourceTree = "<group>";
		};
		2C95FB402AE163AC0044C82A /* Products */ = {
			isa = PBXGroup;
			children = (
				2C95FB3F2AE163AC0044C82A /* Foodly.app */,
			);
			name = Products;
			sourceTree = "<group>";
		};
		2C95FB412AE163AC0044C82A /* Foodly */ = {
			isa = PBXGroup;
			children = (
				2C7304DC2AE1DBF00044C005 /* Utilities */,
				2C7304D92AE1B7100044C005 /* Models */,
				2C95FB592AE175A70044C82A /* View */,
				2C95FB532AE16EED0044C82A /* Screens */,
				2C95FB502AE165490044C82A /* Extensions */,
				2C95FB422AE163AC0044C82A /* FoodlyApp.swift */,
				2C95FB442AE163AC0044C82A /* FoodlyView.swift */,
				2C95FB462AE163AD0044C82A /* Assets.xcassets */,
				2C95FB482AE163AD0044C82A /* Preview Content */,
			);
			path = Foodly;
			sourceTree = "<group>";
		};
		2C95FB482AE163AD0044C82A /* Preview Content */ = {
			isa = PBXGroup;
			children = (
				2C95FB492AE163AD0044C82A /* Preview Assets.xcassets */,
			);
			path = "Preview Content";
			sourceTree = "<group>";
		};
		2C95FB502AE165490044C82A /* Extensions */ = {
			isa = PBXGroup;
			children = (
				2C95FB512AE165690044C82A /* Color+Ext.swift */,
			);
			path = Extensions;
			sourceTree = "<group>";
		};
		2C95FB532AE16EED0044C82A /* Screens */ = {
			isa = PBXGroup;
			children = (
				2C95FB542AE16EFF0044C82A /* Food */,
			);
			path = Screens;
			sourceTree = "<group>";
		};
		2C95FB542AE16EFF0044C82A /* Food */ = {
			isa = PBXGroup;
			children = (
				2C95FB552AE16F130044C82A /* FoodGridView.swift */,
				2C95FB572AE16FD50044C82A /* FoodGridViewModel.swift */,
			);
			path = Food;
			sourceTree = "<group>";
		};
		2C95FB592AE175A70044C82A /* View */ = {
			isa = PBXGroup;
			children = (
				2C234DCD2AE296C10027DD44 /* UIKit */,
				2C234DCA2AE28D7B0027DD44 /* Image */,
				2C234DC92AE28D730027DD44 /* Food */,
			);
			path = View;
			sourceTree = "<group>";
		};
/* End PBXGroup section */

/* Begin PBXNativeTarget section */
		2C95FB3E2AE163AC0044C82A /* Foodly */ = {
			isa = PBXNativeTarget;
			buildConfigurationList = 2C95FB4D2AE163AD0044C82A /* Build configuration list for PBXNativeTarget "Foodly" */;
			buildPhases = (
				2C95FB3B2AE163AC0044C82A /* Sources */,
				2C95FB3C2AE163AC0044C82A /* Frameworks */,
				2C95FB3D2AE163AC0044C82A /* Resources */,
			);
			buildRules = (
			);
			dependencies = (
			);
			name = Foodly;
			productName = Foodly;
			productReference = 2C95FB3F2AE163AC0044C82A /* Foodly.app */;
			productType = "com.apple.product-type.application";
		};
/* End PBXNativeTarget section */

/* Begin PBXProject section */
		2C95FB372AE163AC0044C82A /* Project object */ = {
			isa = PBXProject;
			attributes = {
				BuildIndependentTargetsInParallel = 1;
				LastSwiftUpdateCheck = 1500;
				LastUpgradeCheck = 1500;
				TargetAttributes = {
					2C95FB3E2AE163AC0044C82A = {
						CreatedOnToolsVersion = 15.0;
					};
				};
			};
			buildConfigurationList = 2C95FB3A2AE163AC0044C82A /* Build configuration list for PBXProject "Foodly" */;
			compatibilityVersion = "Xcode 14.0";
			developmentRegion = en;
			hasScannedForEncodings = 0;
			knownRegions = (
				en,
				Base,
			);
			mainGroup = 2C95FB362AE163AC0044C82A;
			productRefGroup = 2C95FB402AE163AC0044C82A /* Products */;
			projectDirPath = "";
			projectRoot = "";
			targets = (
				2C95FB3E2AE163AC0044C82A /* Foodly */,
			);
		};
/* End PBXProject section */

/* Begin PBXResourcesBuildPhase section */
		2C95FB3D2AE163AC0044C82A /* Resources */ = {
			isa = PBXResourcesBuildPhase;
			buildActionMask = 2147483647;
			files = (
				2C95FB4A2AE163AD0044C82A /* Preview Assets.xcassets in Resources */,
				2C95FB472AE163AD0044C82A /* Assets.xcassets in Resources */,
			);
			runOnlyForDeploymentPostprocessing = 0;
		};
/* End PBXResourcesBuildPhase section */

/* Begin PBXSourcesBuildPhase section */
		2C95FB3B2AE163AC0044C82A /* Sources */ = {
			isa = PBXSourcesBuildPhase;
			buildActionMask = 2147483647;
			files = (
				2C234DCC2AE28D9E0027DD44 /* RemoteImage.swift in Sources */,
				2C7304DB2AE1B71C0044C005 /* Food.swift in Sources */,
				2C95FB562AE16F130044C82A /* FoodGridView.swift in Sources */,
				2C234DCF2AE296D00027DD44 /* LoadingView.swift in Sources */,
				2C95FB452AE163AC0044C82A /* FoodlyView.swift in Sources */,
				2C95FB5B2AE175C70044C82A /* FoodGridItem.swift in Sources */,
				2C7304DF2AE1DC0E0044C005 /* NetworkManager.swift in Sources */,
				2C95FB582AE16FD50044C82A /* FoodGridViewModel.swift in Sources */,
				2C95FB432AE163AC0044C82A /* FoodlyApp.swift in Sources */,
				2C95FB522AE165690044C82A /* Color+Ext.swift in Sources */,
			);
			runOnlyForDeploymentPostprocessing = 0;
		};
/* End PBXSourcesBuildPhase section */

/* Begin XCBuildConfiguration section */
		2C95FB4B2AE163AD0044C82A /* Debug */ = {
			isa = XCBuildConfiguration;
			buildSettings = {
				ALWAYS_SEARCH_USER_PATHS = NO;
				ASSETCATALOG_COMPILER_GENERATE_SWIFT_ASSET_SYMBOL_EXTENSIONS = YES;
				CLANG_ANALYZER_NONNULL = YES;
				CLANG_ANALYZER_NUMBER_OBJECT_CONVERSION = YES_AGGRESSIVE;
				CLANG_CXX_LANGUAGE_STANDARD = "gnu++20";
				CLANG_ENABLE_MODULES = YES;
				CLANG_ENABLE_OBJC_ARC = YES;
				CLANG_ENABLE_OBJC_WEAK = YES;
				CLANG_WARN_BLOCK_CAPTURE_AUTORELEASING = YES;
				CLANG_WARN_BOOL_CONVERSION = YES;
				CLANG_WARN_COMMA = YES;
				CLANG_WARN_CONSTANT_CONVERSION = YES;
				CLANG_WARN_DEPRECATED_OBJC_IMPLEMENTATIONS = YES;
				CLANG_WARN_DIRECT_OBJC_ISA_USAGE = YES_ERROR;
				CLANG_WARN_DOCUMENTATION_COMMENTS = YES;
				CLANG_WARN_EMPTY_BODY = YES;
				CLANG_WARN_ENUM_CONVERSION = YES;
				CLANG_WARN_INFINITE_RECURSION = YES;
				CLANG_WARN_INT_CONVERSION = YES;
				CLANG_WARN_NON_LITERAL_NULL_CONVERSION = YES;
				CLANG_WARN_OBJC_IMPLICIT_RETAIN_SELF = YES;
				CLANG_WARN_OBJC_LITERAL_CONVERSION = YES;
				CLANG_WARN_OBJC_ROOT_CLASS = YES_ERROR;
				CLANG_WARN_QUOTED_INCLUDE_IN_FRAMEWORK_HEADER = YES;
				CLANG_WARN_RANGE_LOOP_ANALYSIS = YES;
				CLANG_WARN_STRICT_PROTOTYPES = YES;
				CLANG_WARN_SUSPICIOUS_MOVE = YES;
				CLANG_WARN_UNGUARDED_AVAILABILITY = YES_AGGRESSIVE;
				CLANG_WARN_UNREACHABLE_CODE = YES;
				CLANG_WARN__DUPLICATE_METHOD_MATCH = YES;
				COPY_PHASE_STRIP = NO;
				DEBUG_INFORMATION_FORMAT = dwarf;
				ENABLE_STRICT_OBJC_MSGSEND = YES;
				ENABLE_TESTABILITY = YES;
				ENABLE_USER_SCRIPT_SANDBOXING = YES;
				GCC_C_LANGUAGE_STANDARD = gnu17;
				GCC_DYNAMIC_NO_PIC = NO;
				GCC_NO_COMMON_BLOCKS = YES;
				GCC_OPTIMIZATION_LEVEL = 0;
				GCC_PREPROCESSOR_DEFINITIONS = (
					"DEBUG=1",
					"$(inherited)",
				);
				GCC_WARN_64_TO_32_BIT_CONVERSION = YES;
				GCC_WARN_ABOUT_RETURN_TYPE = YES_ERROR;
				GCC_WARN_UNDECLARED_SELECTOR = YES;
				GCC_WARN_UNINITIALIZED_AUTOS = YES_AGGRESSIVE;
				GCC_WARN_UNUSED_FUNCTION = YES;
				GCC_WARN_UNUSED_VARIABLE = YES;
				IPHONEOS_DEPLOYMENT_TARGET = 17.0;
				LOCALIZATION_PREFERS_STRING_CATALOGS = YES;
				MTL_ENABLE_DEBUG_INFO = INCLUDE_SOURCE;
				MTL_FAST_MATH = YES;
				ONLY_ACTIVE_ARCH = YES;
				SDKROOT = iphoneos;
				SWIFT_ACTIVE_COMPILATION_CONDITIONS = "DEBUG $(inherited)";
				SWIFT_OPTIMIZATION_LEVEL = "-Onone";
			};
			name = Debug;
		};
		2C95FB4C2AE163AD0044C82A /* Release */ = {
			isa = XCBuildConfiguration;
			buildSettings = {
				ALWAYS_SEARCH_USER_PATHS = NO;
				ASSETCATALOG_COMPILER_GENERATE_SWIFT_ASSET_SYMBOL_EXTENSIONS = YES;
				CLANG_ANALYZER_NONNULL = YES;
				CLANG_ANALYZER_NUMBER_OBJECT_CONVERSION = YES_AGGRESSIVE;
				CLANG_CXX_LANGUAGE_STANDARD = "gnu++20";
				CLANG_ENABLE_MODULES = YES;
				CLANG_ENABLE_OBJC_ARC = YES;
				CLANG_ENABLE_OBJC_WEAK = YES;
				CLANG_WARN_BLOCK_CAPTURE_AUTORELEASING = YES;
				CLANG_WARN_BOOL_CONVERSION = YES;
				CLANG_WARN_COMMA = YES;
				CLANG_WARN_CONSTANT_CONVERSION = YES;
				CLANG_WARN_DEPRECATED_OBJC_IMPLEMENTATIONS = YES;
				CLANG_WARN_DIRECT_OBJC_ISA_USAGE = YES_ERROR;
				CLANG_WARN_DOCUMENTATION_COMMENTS = YES;
				CLANG_WARN_EMPTY_BODY = YES;
				CLANG_WARN_ENUM_CONVERSION = YES;
				CLANG_WARN_INFINITE_RECURSION = YES;
				CLANG_WARN_INT_CONVERSION = YES;
				CLANG_WARN_NON_LITERAL_NULL_CONVERSION = YES;
				CLANG_WARN_OBJC_IMPLICIT_RETAIN_SELF = YES;
				CLANG_WARN_OBJC_LITERAL_CONVERSION = YES;
				CLANG_WARN_OBJC_ROOT_CLASS = YES_ERROR;
				CLANG_WARN_QUOTED_INCLUDE_IN_FRAMEWORK_HEADER = YES;
				CLANG_WARN_RANGE_LOOP_ANALYSIS = YES;
				CLANG_WARN_STRICT_PROTOTYPES = YES;
				CLANG_WARN_SUSPICIOUS_MOVE = YES;
				CLANG_WARN_UNGUARDED_AVAILABILITY = YES_AGGRESSIVE;
				CLANG_WARN_UNREACHABLE_CODE = YES;
				CLANG_WARN__DUPLICATE_METHOD_MATCH = YES;
				COPY_PHASE_STRIP = NO;
				DEBUG_INFORMATION_FORMAT = "dwarf-with-dsym";
				ENABLE_NS_ASSERTIONS = NO;
				ENABLE_STRICT_OBJC_MSGSEND = YES;
				ENABLE_USER_SCRIPT_SANDBOXING = YES;
				GCC_C_LANGUAGE_STANDARD = gnu17;
				GCC_NO_COMMON_BLOCKS = YES;
				GCC_WARN_64_TO_32_BIT_CONVERSION = YES;
				GCC_WARN_ABOUT_RETURN_TYPE = YES_ERROR;
				GCC_WARN_UNDECLARED_SELECTOR = YES;
				GCC_WARN_UNINITIALIZED_AUTOS = YES_AGGRESSIVE;
				GCC_WARN_UNUSED_FUNCTION = YES;
				GCC_WARN_UNUSED_VARIABLE = YES;
				IPHONEOS_DEPLOYMENT_TARGET = 17.0;
				LOCALIZATION_PREFERS_STRING_CATALOGS = YES;
				MTL_ENABLE_DEBUG_INFO = NO;
				MTL_FAST_MATH = YES;
				SDKROOT = iphoneos;
				SWIFT_COMPILATION_MODE = wholemodule;
				VALIDATE_PRODUCT = YES;
			};
			name = Release;
		};
		2C95FB4E2AE163AD0044C82A /* Debug */ = {
			isa = XCBuildConfiguration;
			buildSettings = {
				ASSETCATALOG_COMPILER_APPICON_NAME = AppIcon;
				ASSETCATALOG_COMPILER_GLOBAL_ACCENT_COLOR_NAME = AccentColor;
				CODE_SIGN_STYLE = Automatic;
				CURRENT_PROJECT_VERSION = 1;
				DEVELOPMENT_ASSET_PATHS = "\"Foodly/Preview Content\"";
				DEVELOPMENT_TEAM = 7473KM3X86;
				ENABLE_PREVIEWS = YES;
				GENERATE_INFOPLIST_FILE = YES;
				INFOPLIST_KEY_UIApplicationSceneManifest_Generation = YES;
				INFOPLIST_KEY_UIApplicationSupportsIndirectInputEvents = YES;
				INFOPLIST_KEY_UILaunchScreen_Generation = YES;
				INFOPLIST_KEY_UISupportedInterfaceOrientations_iPad = "UIInterfaceOrientationPortrait UIInterfaceOrientationPortraitUpsideDown UIInterfaceOrientationLandscapeLeft UIInterfaceOrientationLandscapeRight";
				INFOPLIST_KEY_UISupportedInterfaceOrientations_iPhone = "UIInterfaceOrientationPortrait UIInterfaceOrientationLandscapeLeft UIInterfaceOrientationLandscapeRight";
				LD_RUNPATH_SEARCH_PATHS = (
					"$(inherited)",
					"@executable_path/Frameworks",
				);
				MARKETING_VERSION = 1.0;
				PRODUCT_BUNDLE_IDENTIFIER = MarwanHisham.Foodly;
				PRODUCT_NAME = "$(TARGET_NAME)";
				SWIFT_EMIT_LOC_STRINGS = YES;
				SWIFT_VERSION = 5.0;
				TARGETED_DEVICE_FAMILY = "1,2";
			};
			name = Debug;
		};
		2C95FB4F2AE163AD0044C82A /* Release */ = {
			isa = XCBuildConfiguration;
			buildSettings = {
				ASSETCATALOG_COMPILER_APPICON_NAME = AppIcon;
				ASSETCATALOG_COMPILER_GLOBAL_ACCENT_COLOR_NAME = AccentColor;
				CODE_SIGN_STYLE = Automatic;
				CURRENT_PROJECT_VERSION = 1;
				DEVELOPMENT_ASSET_PATHS = "\"Foodly/Preview Content\"";
				DEVELOPMENT_TEAM = 7473KM3X86;
				ENABLE_PREVIEWS = YES;
				GENERATE_INFOPLIST_FILE = YES;
				INFOPLIST_KEY_UIApplicationSceneManifest_Generation = YES;
				INFOPLIST_KEY_UIApplicationSupportsIndirectInputEvents = YES;
				INFOPLIST_KEY_UILaunchScreen_Generation = YES;
				INFOPLIST_KEY_UISupportedInterfaceOrientations_iPad = "UIInterfaceOrientationPortrait UIInterfaceOrientationPortraitUpsideDown UIInterfaceOrientationLandscapeLeft UIInterfaceOrientationLandscapeRight";
				INFOPLIST_KEY_UISupportedInterfaceOrientations_iPhone = "UIInterfaceOrientationPortrait UIInterfaceOrientationLandscapeLeft UIInterfaceOrientationLandscapeRight";
				LD_RUNPATH_SEARCH_PATHS = (
					"$(inherited)",
					"@executable_path/Frameworks",
				);
				MARKETING_VERSION = 1.0;
				PRODUCT_BUNDLE_IDENTIFIER = MarwanHisham.Foodly;
				PRODUCT_NAME = "$(TARGET_NAME)";
				SWIFT_EMIT_LOC_STRINGS = YES;
				SWIFT_VERSION = 5.0;
				TARGETED_DEVICE_FAMILY = "1,2";
			};
			name = Release;
		};
/* End XCBuildConfiguration section */

/* Begin XCConfigurationList section */
		2C95FB3A2AE163AC0044C82A /* Build configuration list for PBXProject "Foodly" */ = {
			isa = XCConfigurationList;
			buildConfigurations = (
				2C95FB4B2AE163AD0044C82A /* Debug */,
				2C95FB4C2AE163AD0044C82A /* Release */,
			);
			defaultConfigurationIsVisible = 0;
			defaultConfigurationName = Release;
		};
		2C95FB4D2AE163AD0044C82A /* Build configuration list for PBXNativeTarget "Foodly" */ = {
			isa = XCConfigurationList;
			buildConfigurations = (
				2C95FB4E2AE163AD0044C82A /* Debug */,
				2C95FB4F2AE163AD0044C82A /* Release */,
			);
			defaultConfigurationIsVisible = 0;
			defaultConfigurationName = Release;
		};
/* End XCConfigurationList section */
	};
	rootObject = 2C95FB372AE163AC0044C82A /* Project object */;
}
